
Microsoft Visual Studio Solution File, Format Version 12.00
# Visual Studio Version 17
VisualStudioVersion = 17.12.35527.113 d17.12
MinimumVisualStudioVersion = 10.0.40219.1
Project("{FAE04EC0-301F-11D3-BF4B-00C04F79EFBC}") = "Demo03", "Demo03\Demo03.csproj", "{3B79FEB1-42B2-4A49-80FD-99E9EDDBA8D0}"
EndProject
Project("{FAE04EC0-301F-11D3-BF4B-00C04F79EFBC}") = "Assignment03", "Assignment03\Assignment03.csproj", "{5888220E-CCB9-4594-93A7-BF07291CDC55}"
EndProject
Global
	GlobalSection(SolutionConfigurationPlatforms) = preSolution
		Debug|Any CPU = Debug|Any CPU
		Release|Any CPU = Release|Any CPU
	EndGlobalSection
	GlobalSection(ProjectConfigurationPlatforms) = postSolution
		{3B79FEB1-42B2-4A49-80FD-99E9EDDBA8D0}.Debug|Any CPU.ActiveCfg = Debug|Any CPU
		{3B79FEB1-42B2-4A49-80FD-99E9EDDBA8D0}.Debug|Any CPU.Build.0 = Debug|Any CPU
		{3B79FEB1-42B2-4A49-80FD-99E9EDDBA8D0}.Release|Any CPU.ActiveCfg = Release|Any CPU
		{3B79FEB1-42B2-4A49-80FD-99E9EDDBA8D0}.Release|Any CPU.Build.0 = Release|Any CPU
		{5888220E-CCB9-4594-93A7-BF07291CDC55}.Debug|Any CPU.ActiveCfg = Debug|Any CPU
		{5888220E-CCB9-4594-93A7-BF07291CDC55}.Debug|Any CPU.Build.0 = Debug|Any CPU
		{5888220E-CCB9-4594-93A7-BF07291CDC55}.Release|Any CPU.ActiveCfg = Release|Any CPU
		{5888220E-CCB9-4594-93A7-BF07291CDC55}.Release|Any CPU.Build.0 = Release|Any CPU
	EndGlobalSection
	GlobalSection(SolutionProperties) = preSolution
		HideSolutionNode = FALSE
	EndGlobalSection
EndGlobal
